<?xml version="1.0" encoding="UTF-8" standalone="yes" ?>
<CodeBlocks_project_file>
	<FileVersion major="1" minor="6" />
	<Project>
		<Option title="TeamGTextTwist" />
		<Option pch_mode="2" />
		<Option compiler="gcc" />
		<Build>
			<Target title="Debug">
				<Option output="bin/Debug/TeamGTextTwist" prefix_auto="1" extension_auto="1" />
				<Option object_output="obj/Debug/" />
				<Option type="1" />
				<Option compiler="gcc" />
				<Compiler>
					<Add option="-g" />
					<Add directory="View" />
					<Add directory="IO" />
					<Add directory="Utils" />
					<Add directory="controller" />
					<Add directory="model" />
				</Compiler>
			</Target>
		</Build>
		<Compiler>
			<Add option="`fltk-config --cxxflags`" />
		</Compiler>
		<Linker>
			<Add option="`fltk-config --ldstaticflags`" />
		</Linker>
		<Unit filename="IO/FileIO.cpp" />
		<Unit filename="IO/FileIO.h" />
		<Unit filename="Utils/Utils.cpp" />
		<Unit filename="Utils/Utils.h" />
		<Unit filename="View/HighScoreWindow.cpp" />
		<Unit filename="View/HighScoreWindow.h" />
		<Unit filename="View/OkCancelWindow.cpp" />
		<Unit filename="View/OkCancelWindow.h" />
		<Unit filename="View/SettingsWindow.cpp" />
		<Unit filename="View/SettingsWindow.h" />
		<Unit filename="View/TextTwistWindow.cpp" />
		<Unit filename="View/TextTwistWindow.h" />
		<Unit filename="controller/GameManager.cpp" />
		<Unit filename="controller/GameManager.h" />
		<Unit filename="main.cpp" />
		<Unit filename="model/Leaderboard.cpp" />
		<Unit filename="model/Leaderboard.h" />
		<Unit filename="model/Player.cpp" />
		<Unit filename="model/Player.h" />
		<Extensions>
			<lib_finder disable_auto="1" />
		</Extensions>
	</Project>
</CodeBlocks_project_file>
